
Microsoft Visual Studio Solution File, Format Version 12.00
# Visual Studio 14
VisualStudioVersion = 14.0.25420.1
MinimumVisualStudioVersion = 10.0.40219.1
Project("{FAE04EC0-301F-11D3-BF4B-00C04F79EFBC}") = "KattisIO", "KattisIO\KattisIO.csproj", "{9FE6AD94-98FD-4CD9-93F7-BA84EF81604E}"
EndProject
Project("{FAE04EC0-301F-11D3-BF4B-00C04F79EFBC}") = "4thought", "4thought\4thought.csproj", "{06EE2A92-F3D0-422D-8F8B-725758086E6C}"
EndProject
Project("{FAE04EC0-301F-11D3-BF4B-00C04F79EFBC}") = "10kindsofpeople", "10kindsofpeople\10kindsofpeople.csproj", "{8FA388E7-5579-4DED-8B21-C383AF3940E6}"
EndProject
Project("{FAE04EC0-301F-11D3-BF4B-00C04F79EFBC}") = "2048", "2048\2048.csproj", "{7E630C89-4F68-4F3C-AA67-20CC5CC3C60D}"
EndProject
Project("{FAE04EC0-301F-11D3-BF4B-00C04F79EFBC}") = "a1paper", "a1paper\a1paper.csproj", "{0C04DD58-2810-4CC3-84BC-C842DC4BB27C}"
EndProject
Project("{FAE04EC0-301F-11D3-BF4B-00C04F79EFBC}") = "squawk", "squawk\squawk.csproj", "{438964AF-1A1C-4969-9D51-4A3FEEF79134}"
EndProject
Project("{FAE04EC0-301F-11D3-BF4B-00C04F79EFBC}") = "threepowers", "threepowers\threepowers.csproj", "{7B7A2661-4E90-447E-BAD5-112BDBC03FB8}"
EndProject
Project("{FAE04EC0-301F-11D3-BF4B-00C04F79EFBC}") = "trik", "trik\trik.csproj", "{6C2572B9-E47D-4739-B494-C2B91FF97F02}"
EndProject
Project("{FAE04EC0-301F-11D3-BF4B-00C04F79EFBC}") = "bestcompression", "bestcompression\bestcompression.csproj", "{DDE8E47B-9FCA-4206-BF1D-025CA01C4BD4}"
EndProject
Project("{FAE04EC0-301F-11D3-BF4B-00C04F79EFBC}") = "toilet", "toilet\toilet.csproj", "{0D4CF602-5F1E-47A6-8093-FAB5AAC38A2A}"
EndProject
Project("{FAE04EC0-301F-11D3-BF4B-00C04F79EFBC}") = "moneymatters", "moneymatters\moneymatters.csproj", "{F58CC78F-5FA6-4C2D-9492-DE7F017AF9E5}"
EndProject
Project("{FAE04EC0-301F-11D3-BF4B-00C04F79EFBC}") = "carrots", "carrots\carrots.csproj", "{8B05B800-2115-4D0B-A2D8-6F7EE940EF7A}"
EndProject
Project("{FAE04EC0-301F-11D3-BF4B-00C04F79EFBC}") = "skocimis", "skocimis\skocimis.csproj", "{9930A849-3EAA-40BD-A797-A8AFA80419C8}"
EndProject
Project("{FAE04EC0-301F-11D3-BF4B-00C04F79EFBC}") = "mastermind", "mastermind\mastermind.csproj", "{C1C4AF75-2609-402C-8B6E-747EA7B21427}"
EndProject
Project("{FAE04EC0-301F-11D3-BF4B-00C04F79EFBC}") = "aaah", "aaah\aaah.csproj", "{C86CB71E-A2F9-4612-A7FF-942FCDCC5C65}"
EndProject
Project("{FAE04EC0-301F-11D3-BF4B-00C04F79EFBC}") = "hello", "hello\hello.csproj", "{B418E8EB-A4C4-4E44-9C50-0027B33BE7E0}"
EndProject
Project("{FAE04EC0-301F-11D3-BF4B-00C04F79EFBC}") = "cats", "cats\cats.csproj", "{4E2041CB-E541-41CB-B40A-8FC45DCEED60}"
EndProject
Project("{FAE04EC0-301F-11D3-BF4B-00C04F79EFBC}") = "nine", "nine\nine.csproj", "{AF312E34-603E-49EE-A1F9-058745526A90}"
EndProject
Project("{FAE04EC0-301F-11D3-BF4B-00C04F79EFBC}") = "timeloop", "timeloop\timeloop.csproj", "{198E27B6-B627-4F62-BF9E-C4C623E7FF6B}"
EndProject
Global
	GlobalSection(SolutionConfigurationPlatforms) = preSolution
		Debug|Any CPU = Debug|Any CPU
		Release|Any CPU = Release|Any CPU
	EndGlobalSection
	GlobalSection(ProjectConfigurationPlatforms) = postSolution
		{9FE6AD94-98FD-4CD9-93F7-BA84EF81604E}.Debug|Any CPU.ActiveCfg = Debug|Any CPU
		{9FE6AD94-98FD-4CD9-93F7-BA84EF81604E}.Debug|Any CPU.Build.0 = Debug|Any CPU
		{9FE6AD94-98FD-4CD9-93F7-BA84EF81604E}.Release|Any CPU.ActiveCfg = Release|Any CPU
		{9FE6AD94-98FD-4CD9-93F7-BA84EF81604E}.Release|Any CPU.Build.0 = Release|Any CPU
		{06EE2A92-F3D0-422D-8F8B-725758086E6C}.Debug|Any CPU.ActiveCfg = Debug|Any CPU
		{06EE2A92-F3D0-422D-8F8B-725758086E6C}.Debug|Any CPU.Build.0 = Debug|Any CPU
		{06EE2A92-F3D0-422D-8F8B-725758086E6C}.Release|Any CPU.ActiveCfg = Release|Any CPU
		{06EE2A92-F3D0-422D-8F8B-725758086E6C}.Release|Any CPU.Build.0 = Release|Any CPU
		{8FA388E7-5579-4DED-8B21-C383AF3940E6}.Debug|Any CPU.ActiveCfg = Debug|Any CPU
		{8FA388E7-5579-4DED-8B21-C383AF3940E6}.Debug|Any CPU.Build.0 = Debug|Any CPU
		{8FA388E7-5579-4DED-8B21-C383AF3940E6}.Release|Any CPU.ActiveCfg = Release|Any CPU
		{8FA388E7-5579-4DED-8B21-C383AF3940E6}.Release|Any CPU.Build.0 = Release|Any CPU
		{7E630C89-4F68-4F3C-AA67-20CC5CC3C60D}.Debug|Any CPU.ActiveCfg = Debug|Any CPU
		{7E630C89-4F68-4F3C-AA67-20CC5CC3C60D}.Debug|Any CPU.Build.0 = Debug|Any CPU
		{7E630C89-4F68-4F3C-AA67-20CC5CC3C60D}.Release|Any CPU.ActiveCfg = Release|Any CPU
		{7E630C89-4F68-4F3C-AA67-20CC5CC3C60D}.Release|Any CPU.Build.0 = Release|Any CPU
		{0C04DD58-2810-4CC3-84BC-C842DC4BB27C}.Debug|Any CPU.ActiveCfg = Debug|Any CPU
		{0C04DD58-2810-4CC3-84BC-C842DC4BB27C}.Debug|Any CPU.Build.0 = Debug|Any CPU
		{0C04DD58-2810-4CC3-84BC-C842DC4BB27C}.Release|Any CPU.ActiveCfg = Release|Any CPU
		{0C04DD58-2810-4CC3-84BC-C842DC4BB27C}.Release|Any CPU.Build.0 = Release|Any CPU
		{438964AF-1A1C-4969-9D51-4A3FEEF79134}.Debug|Any CPU.ActiveCfg = Debug|Any CPU
		{438964AF-1A1C-4969-9D51-4A3FEEF79134}.Debug|Any CPU.Build.0 = Debug|Any CPU
		{438964AF-1A1C-4969-9D51-4A3FEEF79134}.Release|Any CPU.ActiveCfg = Release|Any CPU
		{438964AF-1A1C-4969-9D51-4A3FEEF79134}.Release|Any CPU.Build.0 = Release|Any CPU
		{7B7A2661-4E90-447E-BAD5-112BDBC03FB8}.Debug|Any CPU.ActiveCfg = Debug|Any CPU
		{7B7A2661-4E90-447E-BAD5-112BDBC03FB8}.Debug|Any CPU.Build.0 = Debug|Any CPU
		{7B7A2661-4E90-447E-BAD5-112BDBC03FB8}.Release|Any CPU.ActiveCfg = Release|Any CPU
		{7B7A2661-4E90-447E-BAD5-112BDBC03FB8}.Release|Any CPU.Build.0 = Release|Any CPU
		{6C2572B9-E47D-4739-B494-C2B91FF97F02}.Debug|Any CPU.ActiveCfg = Debug|Any CPU
		{6C2572B9-E47D-4739-B494-C2B91FF97F02}.Debug|Any CPU.Build.0 = Debug|Any CPU
		{6C2572B9-E47D-4739-B494-C2B91FF97F02}.Release|Any CPU.ActiveCfg = Release|Any CPU
		{6C2572B9-E47D-4739-B494-C2B91FF97F02}.Release|Any CPU.Build.0 = Release|Any CPU
		{DDE8E47B-9FCA-4206-BF1D-025CA01C4BD4}.Debug|Any CPU.ActiveCfg = Debug|Any CPU
		{DDE8E47B-9FCA-4206-BF1D-025CA01C4BD4}.Debug|Any CPU.Build.0 = Debug|Any CPU
		{DDE8E47B-9FCA-4206-BF1D-025CA01C4BD4}.Release|Any CPU.ActiveCfg = Release|Any CPU
		{DDE8E47B-9FCA-4206-BF1D-025CA01C4BD4}.Release|Any CPU.Build.0 = Release|Any CPU
		{0D4CF602-5F1E-47A6-8093-FAB5AAC38A2A}.Debug|Any CPU.ActiveCfg = Debug|Any CPU
		{0D4CF602-5F1E-47A6-8093-FAB5AAC38A2A}.Debug|Any CPU.Build.0 = Debug|Any CPU
		{0D4CF602-5F1E-47A6-8093-FAB5AAC38A2A}.Release|Any CPU.ActiveCfg = Release|Any CPU
		{0D4CF602-5F1E-47A6-8093-FAB5AAC38A2A}.Release|Any CPU.Build.0 = Release|Any CPU
		{F58CC78F-5FA6-4C2D-9492-DE7F017AF9E5}.Debug|Any CPU.ActiveCfg = Debug|Any CPU
		{F58CC78F-5FA6-4C2D-9492-DE7F017AF9E5}.Debug|Any CPU.Build.0 = Debug|Any CPU
		{F58CC78F-5FA6-4C2D-9492-DE7F017AF9E5}.Release|Any CPU.ActiveCfg = Release|Any CPU
		{F58CC78F-5FA6-4C2D-9492-DE7F017AF9E5}.Release|Any CPU.Build.0 = Release|Any CPU
		{8B05B800-2115-4D0B-A2D8-6F7EE940EF7A}.Debug|Any CPU.ActiveCfg = Debug|Any CPU
		{8B05B800-2115-4D0B-A2D8-6F7EE940EF7A}.Debug|Any CPU.Build.0 = Debug|Any CPU
		{8B05B800-2115-4D0B-A2D8-6F7EE940EF7A}.Release|Any CPU.ActiveCfg = Release|Any CPU
		{8B05B800-2115-4D0B-A2D8-6F7EE940EF7A}.Release|Any CPU.Build.0 = Release|Any CPU
		{9930A849-3EAA-40BD-A797-A8AFA80419C8}.Debug|Any CPU.ActiveCfg = Debug|Any CPU
		{9930A849-3EAA-40BD-A797-A8AFA80419C8}.Debug|Any CPU.Build.0 = Debug|Any CPU
		{9930A849-3EAA-40BD-A797-A8AFA80419C8}.Release|Any CPU.ActiveCfg = Release|Any CPU
		{9930A849-3EAA-40BD-A797-A8AFA80419C8}.Release|Any CPU.Build.0 = Release|Any CPU
		{C1C4AF75-2609-402C-8B6E-747EA7B21427}.Debug|Any CPU.ActiveCfg = Debug|Any CPU
		{C1C4AF75-2609-402C-8B6E-747EA7B21427}.Debug|Any CPU.Build.0 = Debug|Any CPU
		{C1C4AF75-2609-402C-8B6E-747EA7B21427}.Release|Any CPU.ActiveCfg = Release|Any CPU
		{C1C4AF75-2609-402C-8B6E-747EA7B21427}.Release|Any CPU.Build.0 = Release|Any CPU
		{C86CB71E-A2F9-4612-A7FF-942FCDCC5C65}.Debug|Any CPU.ActiveCfg = Debug|Any CPU
		{C86CB71E-A2F9-4612-A7FF-942FCDCC5C65}.Debug|Any CPU.Build.0 = Debug|Any CPU
		{C86CB71E-A2F9-4612-A7FF-942FCDCC5C65}.Release|Any CPU.ActiveCfg = Release|Any CPU
		{C86CB71E-A2F9-4612-A7FF-942FCDCC5C65}.Release|Any CPU.Build.0 = Release|Any CPU
		{B418E8EB-A4C4-4E44-9C50-0027B33BE7E0}.Debug|Any CPU.ActiveCfg = Debug|Any CPU
		{B418E8EB-A4C4-4E44-9C50-0027B33BE7E0}.Debug|Any CPU.Build.0 = Debug|Any CPU
		{B418E8EB-A4C4-4E44-9C50-0027B33BE7E0}.Release|Any CPU.ActiveCfg = Release|Any CPU
		{B418E8EB-A4C4-4E44-9C50-0027B33BE7E0}.Release|Any CPU.Build.0 = Release|Any CPU
		{4E2041CB-E541-41CB-B40A-8FC45DCEED60}.Debug|Any CPU.ActiveCfg = Debug|Any CPU
		{4E2041CB-E541-41CB-B40A-8FC45DCEED60}.Debug|Any CPU.Build.0 = Debug|Any CPU
		{4E2041CB-E541-41CB-B40A-8FC45DCEED60}.Release|Any CPU.ActiveCfg = Release|Any CPU
		{4E2041CB-E541-41CB-B40A-8FC45DCEED60}.Release|Any CPU.Build.0 = Release|Any CPU
		{AF312E34-603E-49EE-A1F9-058745526A90}.Debug|Any CPU.ActiveCfg = Debug|Any CPU
		{AF312E34-603E-49EE-A1F9-058745526A90}.Debug|Any CPU.Build.0 = Debug|Any CPU
		{AF312E34-603E-49EE-A1F9-058745526A90}.Release|Any CPU.ActiveCfg = Release|Any CPU
		{AF312E34-603E-49EE-A1F9-058745526A90}.Release|Any CPU.Build.0 = Release|Any CPU
		{198E27B6-B627-4F62-BF9E-C4C623E7FF6B}.Debug|Any CPU.ActiveCfg = Debug|Any CPU
		{198E27B6-B627-4F62-BF9E-C4C623E7FF6B}.Debug|Any CPU.Build.0 = Debug|Any CPU
		{198E27B6-B627-4F62-BF9E-C4C623E7FF6B}.Release|Any CPU.ActiveCfg = Release|Any CPU
		{198E27B6-B627-4F62-BF9E-C4C623E7FF6B}.Release|Any CPU.Build.0 = Release|Any CPU
	EndGlobalSection
	GlobalSection(SolutionProperties) = preSolution
		HideSolutionNode = FALSE
	EndGlobalSection
EndGlobal
